[[package]]
name = "binutils"
version = "0.1.0"
dependencies = [
 "extra 0.1.0 (git+https://gitlab.redox-os.org/redox-os/libextra.git)",
]

[[package]]
name = "extra"
version = "0.1.0"
source = "git+https://gitlab.redox-os.org/redox-os/libextra.git#0b50f3f2127fa62b1fe74090feffbae357266eac"

[metadata]
"checksum extra 0.1.0 (git+https://gitlab.redox-os.org/redox-os/libextra.git)" = "<none>"
